
Microsoft Visual Studio Solution File, Format Version 10.00
# Visual Studio 2008
Project("{FAE04EC0-301F-11D3-BF4B-00C04F79EFBC}") = "FVInputBuilders", "FVInputBuilders\FVInputBuilders.csproj", "{CB404322-15A9-4AD0-9D11-3ED4D117C521}"
EndProject
Global
	GlobalSection(SolutionConfigurationPlatforms) = preSolution
		Debug|Any CPU = Debug|Any CPU
		Release|Any CPU = Release|Any CPU
	EndGlobalSection
	GlobalSection(ProjectConfigurationPlatforms) = postSolution
		{CB404322-15A9-4AD0-9D11-3ED4D117C521}.Debug|Any CPU.ActiveCfg = Debug|Any CPU
		{CB404322-15A9-4AD0-9D11-3ED4D117C521}.Debug|Any CPU.Build.0 = Debug|Any CPU
		{CB404322-15A9-4AD0-9D11-3ED4D117C521}.Release|Any CPU.ActiveCfg = Release|Any CPU
		{CB404322-15A9-4AD0-9D11-3ED4D117C521}.Release|Any CPU.Build.0 = Release|Any CPU
	EndGlobalSection
	GlobalSection(SolutionProperties) = preSolution
		HideSolutionNode = FALSE
	EndGlobalSection
	GlobalSection(ExtensibilityGlobals) = postSolution
		VisualSVNWorkingCopyRoot = .
	EndGlobalSection
EndGlobal
